
Microsoft Visual Studio Solution File, Format Version 12.00
# Visual Studio Version 16
VisualStudioVersion = 16.0.29519.181
MinimumVisualStudioVersion = 10.0.40219.1
Project("{9A19103F-16F7-4668-BE54-9A1E7A4F7556}") = "Marketplace.Client", "Client\Marketplace.Client.csproj", "{52C7BF52-8559-4E22-8582-C0F7E2334F5B}"
EndProject
Project("{00D1A9C2-B5F0-4AF3-8072-F6C62B433612}") = "Database", "Database\Database.sqlproj", "{661793B6-B0FC-4ABD-810A-E8334BB4C98E}"
EndProject
Project("{9A19103F-16F7-4668-BE54-9A1E7A4F7556}") = "Marketplace.Server", "Server\Marketplace.Server.csproj", "{A775B130-4240-4D32-A033-88CD6D47404A}"
EndProject
Project("{9A19103F-16F7-4668-BE54-9A1E7A4F7556}") = "Marketplace.Shared", "Shared\Marketplace.Shared.csproj", "{19F2F881-213B-4CC0-B808-67DFA0FC2919}"
EndProject
Project("{9A19103F-16F7-4668-BE54-9A1E7A4F7556}") = "Marketplace.DatabaseProvider", "DatabaseProvider\Marketplace.DatabaseProvider.csproj", "{A7E1EEEE-E759-48E7-97D4-AF9BCD704AD1}"
EndProject
Project("{FAE04EC0-301F-11D3-BF4B-00C04F79EFBC}") = "WebSocketClient", "WebSocketClient\WebSocketClient.csproj", "{8076BF46-D6B2-4AB0-88DD-01E3089BE783}"
EndProject
Project("{9A19103F-16F7-4668-BE54-9A1E7A4F7556}") = "Marketplace.WebSockets", "Marketplace.WebSockets\Marketplace.WebSockets.csproj", "{09847E33-EA29-4D71-B610-A66B88D85EC6}"
EndProject
Global
	GlobalSection(SolutionConfigurationPlatforms) = preSolution
		Debug|Any CPU = Debug|Any CPU
		Release|Any CPU = Release|Any CPU
	EndGlobalSection
	GlobalSection(ProjectConfigurationPlatforms) = postSolution
		{52C7BF52-8559-4E22-8582-C0F7E2334F5B}.Debug|Any CPU.ActiveCfg = Debug|Any CPU
		{52C7BF52-8559-4E22-8582-C0F7E2334F5B}.Debug|Any CPU.Build.0 = Debug|Any CPU
		{52C7BF52-8559-4E22-8582-C0F7E2334F5B}.Release|Any CPU.ActiveCfg = Release|Any CPU
		{52C7BF52-8559-4E22-8582-C0F7E2334F5B}.Release|Any CPU.Build.0 = Release|Any CPU
		{661793B6-B0FC-4ABD-810A-E8334BB4C98E}.Debug|Any CPU.ActiveCfg = Debug|Any CPU
		{661793B6-B0FC-4ABD-810A-E8334BB4C98E}.Debug|Any CPU.Build.0 = Debug|Any CPU
		{661793B6-B0FC-4ABD-810A-E8334BB4C98E}.Debug|Any CPU.Deploy.0 = Debug|Any CPU
		{661793B6-B0FC-4ABD-810A-E8334BB4C98E}.Release|Any CPU.ActiveCfg = Release|Any CPU
		{661793B6-B0FC-4ABD-810A-E8334BB4C98E}.Release|Any CPU.Build.0 = Release|Any CPU
		{661793B6-B0FC-4ABD-810A-E8334BB4C98E}.Release|Any CPU.Deploy.0 = Release|Any CPU
		{A775B130-4240-4D32-A033-88CD6D47404A}.Debug|Any CPU.ActiveCfg = Debug|Any CPU
		{A775B130-4240-4D32-A033-88CD6D47404A}.Debug|Any CPU.Build.0 = Debug|Any CPU
		{A775B130-4240-4D32-A033-88CD6D47404A}.Release|Any CPU.ActiveCfg = Release|Any CPU
		{A775B130-4240-4D32-A033-88CD6D47404A}.Release|Any CPU.Build.0 = Release|Any CPU
		{19F2F881-213B-4CC0-B808-67DFA0FC2919}.Debug|Any CPU.ActiveCfg = Debug|Any CPU
		{19F2F881-213B-4CC0-B808-67DFA0FC2919}.Debug|Any CPU.Build.0 = Debug|Any CPU
		{19F2F881-213B-4CC0-B808-67DFA0FC2919}.Release|Any CPU.ActiveCfg = Release|Any CPU
		{19F2F881-213B-4CC0-B808-67DFA0FC2919}.Release|Any CPU.Build.0 = Release|Any CPU
		{A7E1EEEE-E759-48E7-97D4-AF9BCD704AD1}.Debug|Any CPU.ActiveCfg = Debug|Any CPU
		{A7E1EEEE-E759-48E7-97D4-AF9BCD704AD1}.Debug|Any CPU.Build.0 = Debug|Any CPU
		{A7E1EEEE-E759-48E7-97D4-AF9BCD704AD1}.Release|Any CPU.ActiveCfg = Release|Any CPU
		{A7E1EEEE-E759-48E7-97D4-AF9BCD704AD1}.Release|Any CPU.Build.0 = Release|Any CPU
		{8076BF46-D6B2-4AB0-88DD-01E3089BE783}.Debug|Any CPU.ActiveCfg = Debug|Any CPU
		{8076BF46-D6B2-4AB0-88DD-01E3089BE783}.Debug|Any CPU.Build.0 = Debug|Any CPU
		{8076BF46-D6B2-4AB0-88DD-01E3089BE783}.Release|Any CPU.ActiveCfg = Release|Any CPU
		{8076BF46-D6B2-4AB0-88DD-01E3089BE783}.Release|Any CPU.Build.0 = Release|Any CPU
		{09847E33-EA29-4D71-B610-A66B88D85EC6}.Debug|Any CPU.ActiveCfg = Debug|Any CPU
		{09847E33-EA29-4D71-B610-A66B88D85EC6}.Debug|Any CPU.Build.0 = Debug|Any CPU
		{09847E33-EA29-4D71-B610-A66B88D85EC6}.Release|Any CPU.ActiveCfg = Release|Any CPU
		{09847E33-EA29-4D71-B610-A66B88D85EC6}.Release|Any CPU.Build.0 = Release|Any CPU
	EndGlobalSection
	GlobalSection(SolutionProperties) = preSolution
		HideSolutionNode = FALSE
	EndGlobalSection
	GlobalSection(ExtensibilityGlobals) = postSolution
		SolutionGuid = {358BA310-87A3-4304-83F0-9E4013AED266}
	EndGlobalSection
EndGlobal
